
Microsoft Visual Studio Solution File, Format Version 12.00
# Visual Studio Version 16
VisualStudioVersion = 16.0.29230.47
MinimumVisualStudioVersion = 10.0.40219.1
Project("{FAE04EC0-301F-11D3-BF4B-00C04F79EFBC}") = "TextPrograms", "TextPrograms\TextPrograms.csproj", "{2C6A7567-59D8-43B0-9724-6654ACBF7EA4}"
EndProject
Global
	GlobalSection(SolutionConfigurationPlatforms) = preSolution
		Debug|Any CPU = Debug|Any CPU
		Release|Any CPU = Release|Any CPU
	EndGlobalSection
	GlobalSection(ProjectConfigurationPlatforms) = postSolution
		{2C6A7567-59D8-43B0-9724-6654ACBF7EA4}.Debug|Any CPU.ActiveCfg = Debug|Any CPU
		{2C6A7567-59D8-43B0-9724-6654ACBF7EA4}.Debug|Any CPU.Build.0 = Debug|Any CPU
		{2C6A7567-59D8-43B0-9724-6654ACBF7EA4}.Release|Any CPU.ActiveCfg = Release|Any CPU
		{2C6A7567-59D8-43B0-9724-6654ACBF7EA4}.Release|Any CPU.Build.0 = Release|Any CPU
	EndGlobalSection
	GlobalSection(SolutionProperties) = preSolution
		HideSolutionNode = FALSE
	EndGlobalSection
	GlobalSection(ExtensibilityGlobals) = postSolution
		SolutionGuid = {712F5D24-B22B-463D-B675-6C728648FB67}
	EndGlobalSection
EndGlobal
